# This file was autogenerated by Stack.
# You should not edit this file by hand.
# For more information, please see the documentation at:
#   https://docs.haskellstack.org/en/stable/lock_files

packages:
- completed:
    cabal-file:
      size: 2989
      sha256: 5ed7e971a05782dd0600af1dddf57226c9019c02d9511c7a611a57c3a29e99d2
    name: codecov-haskell
    version: 0.5.0.1
    git: https://github.com/lunaticare/codecov-haskell.git
    pantry-tree:
      size: 1401
      sha256: f90c03772f2062f65aed9d4ee5df20d77bcd7c9ded887883850e0e357767c445
    commit: 435c5ba371f5d85a10d356b7d65f6f33348667fc
  original:
    git: https://github.com/lunaticare/codecov-haskell.git
    commit: 435c5ba371f5d85a10d356b7d65f6f33348667fc
- completed:
    hackage: random-strings-0.1.1.0@sha256:935a7a23dab45411960df77636a29b44ce42b89eeb15f2b1e809d771491fa677,2517
    pantry-tree:
      size: 663
      sha256: 5a382966fdd8d5220b5791f3bff6db00d2ea29235e2716dadd52461b8a8beb97
  original:
    hackage: random-strings-0.1.1.0@sha256:935a7a23dab45411960df77636a29b44ce42b89eeb15f2b1e809d771491fa677,2517
snapshots:
- completed:
    size: 524804
    url: https://raw.githubusercontent.com/commercialhaskell/stackage-snapshots/master/lts/14/16.yaml
    sha256: 4d1519a4372d051d47a5eae2241cf3fb54e113d7475f89707ddb6ec06add2888
  original: lts-14.16
